
Microsoft Visual Studio Solution File, Format Version 12.00
# Visual Studio 14
VisualStudioVersion = 14.0.25420.1
MinimumVisualStudioVersion = 10.0.40219.1
Project("{FAE04EC0-301F-11D3-BF4B-00C04F79EFBC}") = "SqlRetryAdventures", "SqlRetryAdventures\SqlRetryAdventures.csproj", "{6279C76B-A215-4D83-AF57-A94709A02286}"
EndProject
Project("{FAE04EC0-301F-11D3-BF4B-00C04F79EFBC}") = "SqlRetryAdventures.UI", "SqlRetryAdventures.UI\SqlRetryAdventures.UI.csproj", "{8DD72A7B-CE91-4D26-86D7-2FFEA51EE01D}"
EndProject
Global
	GlobalSection(SolutionConfigurationPlatforms) = preSolution
		Debug|Any CPU = Debug|Any CPU
		Release|Any CPU = Release|Any CPU
	EndGlobalSection
	GlobalSection(ProjectConfigurationPlatforms) = postSolution
		{6279C76B-A215-4D83-AF57-A94709A02286}.Debug|Any CPU.ActiveCfg = Debug|Any CPU
		{6279C76B-A215-4D83-AF57-A94709A02286}.Debug|Any CPU.Build.0 = Debug|Any CPU
		{6279C76B-A215-4D83-AF57-A94709A02286}.Release|Any CPU.ActiveCfg = Release|Any CPU
		{6279C76B-A215-4D83-AF57-A94709A02286}.Release|Any CPU.Build.0 = Release|Any CPU
		{8DD72A7B-CE91-4D26-86D7-2FFEA51EE01D}.Debug|Any CPU.ActiveCfg = Debug|Any CPU
		{8DD72A7B-CE91-4D26-86D7-2FFEA51EE01D}.Debug|Any CPU.Build.0 = Debug|Any CPU
		{8DD72A7B-CE91-4D26-86D7-2FFEA51EE01D}.Release|Any CPU.ActiveCfg = Release|Any CPU
		{8DD72A7B-CE91-4D26-86D7-2FFEA51EE01D}.Release|Any CPU.Build.0 = Release|Any CPU
	EndGlobalSection
	GlobalSection(SolutionProperties) = preSolution
		HideSolutionNode = FALSE
	EndGlobalSection
EndGlobal
